
Microsoft Visual Studio Solution File, Format Version 12.00
# Visual Studio Version 17
VisualStudioVersion = 17.5.33516.290
MinimumVisualStudioVersion = 10.0.40219.1
Project("{FAE04EC0-301F-11D3-BF4B-00C04F79EFBC}") = "SDC-PDV", "SDC-PDV.csproj", "{78C1C1C2-BA96-4B0B-860F-09D818772649}"
EndProject
Global
	GlobalSection(SolutionConfigurationPlatforms) = preSolution
		Debug|Any CPU = Debug|Any CPU
		Release|Any CPU = Release|Any CPU
	EndGlobalSection
	GlobalSection(ProjectConfigurationPlatforms) = postSolution
		{78C1C1C2-BA96-4B0B-860F-09D818772649}.Debug|Any CPU.ActiveCfg = Debug|Any CPU
		{78C1C1C2-BA96-4B0B-860F-09D818772649}.Debug|Any CPU.Build.0 = Debug|Any CPU
		{78C1C1C2-BA96-4B0B-860F-09D818772649}.Release|Any CPU.ActiveCfg = Release|Any CPU
		{78C1C1C2-BA96-4B0B-860F-09D818772649}.Release|Any CPU.Build.0 = Release|Any CPU
	EndGlobalSection
	GlobalSection(SolutionProperties) = preSolution
		HideSolutionNode = FALSE
	EndGlobalSection
	GlobalSection(ExtensibilityGlobals) = postSolution
		SolutionGuid = {3FAAD735-E214-4815-BB8F-8A859D1DB4A3}
	EndGlobalSection
EndGlobal
